
Microsoft Visual Studio Solution File, Format Version 12.00
# Visual Studio Version 17
VisualStudioVersion = 17.14.36717.8
MinimumVisualStudioVersion = 10.0.40219.1
Project("{FAE04EC0-301F-11D3-BF4B-00C04F79EFBC}") = "ClassesObjetos", "ClassesObjetos\ClassesObjetos.csproj", "{69A61882-0E38-4860-9838-E257A5AC1BF8}"
EndProject
Project("{FAE04EC0-301F-11D3-BF4B-00C04F79EFBC}") = "MetodosDasClasses", "MetodosDasClasses\MetodosDasClasses.csproj", "{8F39B43F-A55A-4D4E-B701-0534C45B11CA}"
EndProject
Project("{FAE04EC0-301F-11D3-BF4B-00C04F79EFBC}") = "TermoThis", "TermoThis\TermoThis.csproj", "{AAF4D8EC-C960-4A6C-86F6-252DB5391AAB}"
EndProject
Project("{FAE04EC0-301F-11D3-BF4B-00C04F79EFBC}") = "TipoDelegate", "TipoDelegate\TipoDelegate.csproj", "{7CD7AC61-A4C2-487B-80B2-B6A03FBDB38D}"
EndProject
Project("{FAE04EC0-301F-11D3-BF4B-00C04F79EFBC}") = "MetodoConstrutor", "MetodoConstrutor\MetodoConstrutor.csproj", "{C5580FB4-EE84-42E6-94B0-7ECBE95EFB57}"
EndProject
Project("{FAE04EC0-301F-11D3-BF4B-00C04F79EFBC}") = "ClassesStaticas", "ClassesStaticas\ClassesStaticas.csproj", "{E0073871-0B8F-4E05-ACC2-B827D00241CA}"
EndProject
Project("{FAE04EC0-301F-11D3-BF4B-00C04F79EFBC}") = "Propiedades", "Propiedades\Propiedades.csproj", "{01DAAA7D-058E-4275-B53C-61E31CBD659A}"
EndProject
Project("{FAE04EC0-301F-11D3-BF4B-00C04F79EFBC}") = "Encapsulamento", "Encapsulamento\Encapsulamento.csproj", "{E10F1B30-9A25-4C3C-8E27-52D3D62702BA}"
EndProject
Project("{FAE04EC0-301F-11D3-BF4B-00C04F79EFBC}") = "Heranca", "Heranca\Heranca.csproj", "{8AA48446-1727-4E77-AB08-892DE4682A78}"
EndProject
Project("{2150E333-8FDC-42A3-9474-1A3956D46DE8}") = "POO", "POO", "{02EA681E-C7D8-13C7-8484-4AC65E1B71E8}"
EndProject
Project("{FAE04EC0-301F-11D3-BF4B-00C04F79EFBC}") = "Modificadores", "Modificadores\Modificadores.csproj", "{FE632B21-DE2A-4D6F-9FC2-C1FCD9A9B7FA}"
EndProject
Project("{FAE04EC0-301F-11D3-BF4B-00C04F79EFBC}") = "Polimorfismo", "Polimorfismo\Polimorfismo.csproj", "{97156863-1A7A-4529-9A26-EB9C0EC62C1C}"
EndProject
Project("{2150E333-8FDC-42A3-9474-1A3956D46DE8}") = "Exercicios", "Exercicios", "{9E3B75B4-23B4-4BF3-938F-9189E1A90A1A}"
EndProject
Project("{FAE04EC0-301F-11D3-BF4B-00C04F79EFBC}") = "MediaGeralPOO", "MediaGeralPOO\MediaGeralPOO.csproj", "{993E78F3-E4D3-454E-86AF-3F7681779357}"
EndProject
Project("{FAE04EC0-301F-11D3-BF4B-00C04F79EFBC}") = "Recursividade", "Recursividade\Recursividade.csproj", "{A8E1B772-A254-4B65-A5BE-4006C467486F}"
EndProject
Project("{FAE04EC0-301F-11D3-BF4B-00C04F79EFBC}") = "MetodoMain", "MetodoMain\MetodoMain.csproj", "{DDD69454-9587-4F10-9CDB-CAD6A03D07DF}"
EndProject
Project("{FAE04EC0-301F-11D3-BF4B-00C04F79EFBC}") = "FatorialRecursivo", "FatorialRecursivo\FatorialRecursivo.csproj", "{C2FE5000-4A87-4FBB-8DBC-78F46A99D6FB}"
EndProject
Project("{2150E333-8FDC-42A3-9474-1A3956D46DE8}") = "Windows_Forms", "Windows_Forms", "{7BBAFB2A-3DC5-41BF-9CBC-36F57B3B8E93}"
EndProject
Project("{FAE04EC0-301F-11D3-BF4B-00C04F79EFBC}") = "Teste", "Teste\Teste.csproj", "{435F4376-7E2B-4C85-A90F-49CDB7DDE9FF}"
EndProject
Project("{FAE04EC0-301F-11D3-BF4B-00C04F79EFBC}") = "PropiedadesDasForms", "PropiedadesDasForms\PropiedadesDasForms.csproj", "{E4CB39C8-B5C1-4EDE-B519-7DCE718987A5}"
EndProject
Project("{FAE04EC0-301F-11D3-BF4B-00C04F79EFBC}") = "SistemaCadastro", "SistemaCadastro\SistemaCadastro.csproj", "{BB182113-C5B3-4EE5-8C7A-A5682BF341CE}"
EndProject
Project("{FAE04EC0-301F-11D3-BF4B-00C04F79EFBC}") = "ManipulacaoStrings", "ManipulacaoStrings\ManipulacaoStrings.csproj", "{2E3A2098-98D7-48FD-B6DE-C8E35649B62F}"
EndProject
Project("{FAE04EC0-301F-11D3-BF4B-00C04F79EFBC}") = "SistemaLogin", "SistemaLogin\SistemaLogin.csproj", "{C6A4A857-244A-4262-AF76-AA36C66CB542}"
EndProject
Project("{FAE04EC0-301F-11D3-BF4B-00C04F79EFBC}") = "ManipularNumeros", "ManipularNumeros\ManipularNumeros.csproj", "{A936FD8E-0706-4DA1-A550-FB486C02FDF7}"
EndProject
Project("{FAE04EC0-301F-11D3-BF4B-00C04F79EFBC}") = "Colecoes", "Colecoes\Colecoes.csproj", "{8F98B847-A6A6-4E91-9831-7BCC8388DB63}"
EndProject
Project("{2150E333-8FDC-42A3-9474-1A3956D46DE8}") = "Logica", "Logica", "{551BC1DD-603C-4F03-B1CD-EB8ADA15B66D}"
EndProject
Project("{FAE04EC0-301F-11D3-BF4B-00C04F79EFBC}") = "Variaveis", "Variaveis\Variaveis.csproj", "{6086C1B1-6EB4-482B-ADC4-56BE4EEB999A}"
EndProject
Project("{FAE04EC0-301F-11D3-BF4B-00C04F79EFBC}") = "JokenPo", "JokenPo\JokenPo.csproj", "{C31E40A7-4972-4D77-83EF-D450B96EDBFE}"
EndProject
Project("{FAE04EC0-301F-11D3-BF4B-00C04F79EFBC}") = "ClassesImportantes", "ClassesImportantes\ClassesImportantes.csproj", "{5944C4F5-FFAF-4E69-8474-D6E868BBD4FA}"
EndProject
Project("{2150E333-8FDC-42A3-9474-1A3956D46DE8}") = "ASPNetCore", "ASPNetCore", "{DABAB037-599E-4008-842B-7930568752B5}"
EndProject
Project("{FAE04EC0-301F-11D3-BF4B-00C04F79EFBC}") = "HelloWorld", "HelloWorld\HelloWorld.csproj", "{138B248A-0388-4DC6-9D77-EFA476D2CD99}"
EndProject
Global
	GlobalSection(SolutionConfigurationPlatforms) = preSolution
		Debug|Any CPU = Debug|Any CPU
		Release|Any CPU = Release|Any CPU
	EndGlobalSection
	GlobalSection(ProjectConfigurationPlatforms) = postSolution
		{69A61882-0E38-4860-9838-E257A5AC1BF8}.Debug|Any CPU.ActiveCfg = Debug|Any CPU
		{69A61882-0E38-4860-9838-E257A5AC1BF8}.Debug|Any CPU.Build.0 = Debug|Any CPU
		{69A61882-0E38-4860-9838-E257A5AC1BF8}.Release|Any CPU.ActiveCfg = Release|Any CPU
		{69A61882-0E38-4860-9838-E257A5AC1BF8}.Release|Any CPU.Build.0 = Release|Any CPU
		{8F39B43F-A55A-4D4E-B701-0534C45B11CA}.Debug|Any CPU.ActiveCfg = Debug|Any CPU
		{8F39B43F-A55A-4D4E-B701-0534C45B11CA}.Debug|Any CPU.Build.0 = Debug|Any CPU
		{8F39B43F-A55A-4D4E-B701-0534C45B11CA}.Release|Any CPU.ActiveCfg = Release|Any CPU
		{8F39B43F-A55A-4D4E-B701-0534C45B11CA}.Release|Any CPU.Build.0 = Release|Any CPU
		{AAF4D8EC-C960-4A6C-86F6-252DB5391AAB}.Debug|Any CPU.ActiveCfg = Debug|Any CPU
		{AAF4D8EC-C960-4A6C-86F6-252DB5391AAB}.Debug|Any CPU.Build.0 = Debug|Any CPU
		{AAF4D8EC-C960-4A6C-86F6-252DB5391AAB}.Release|Any CPU.ActiveCfg = Release|Any CPU
		{AAF4D8EC-C960-4A6C-86F6-252DB5391AAB}.Release|Any CPU.Build.0 = Release|Any CPU
		{7CD7AC61-A4C2-487B-80B2-B6A03FBDB38D}.Debug|Any CPU.ActiveCfg = Debug|Any CPU
		{7CD7AC61-A4C2-487B-80B2-B6A03FBDB38D}.Debug|Any CPU.Build.0 = Debug|Any CPU
		{7CD7AC61-A4C2-487B-80B2-B6A03FBDB38D}.Release|Any CPU.ActiveCfg = Release|Any CPU
		{7CD7AC61-A4C2-487B-80B2-B6A03FBDB38D}.Release|Any CPU.Build.0 = Release|Any CPU
		{C5580FB4-EE84-42E6-94B0-7ECBE95EFB57}.Debug|Any CPU.ActiveCfg = Debug|Any CPU
		{C5580FB4-EE84-42E6-94B0-7ECBE95EFB57}.Debug|Any CPU.Build.0 = Debug|Any CPU
		{C5580FB4-EE84-42E6-94B0-7ECBE95EFB57}.Release|Any CPU.ActiveCfg = Release|Any CPU
		{C5580FB4-EE84-42E6-94B0-7ECBE95EFB57}.Release|Any CPU.Build.0 = Release|Any CPU
		{E0073871-0B8F-4E05-ACC2-B827D00241CA}.Debug|Any CPU.ActiveCfg = Debug|Any CPU
		{E0073871-0B8F-4E05-ACC2-B827D00241CA}.Debug|Any CPU.Build.0 = Debug|Any CPU
		{E0073871-0B8F-4E05-ACC2-B827D00241CA}.Release|Any CPU.ActiveCfg = Release|Any CPU
		{E0073871-0B8F-4E05-ACC2-B827D00241CA}.Release|Any CPU.Build.0 = Release|Any CPU
		{01DAAA7D-058E-4275-B53C-61E31CBD659A}.Debug|Any CPU.ActiveCfg = Debug|Any CPU
		{01DAAA7D-058E-4275-B53C-61E31CBD659A}.Debug|Any CPU.Build.0 = Debug|Any CPU
		{01DAAA7D-058E-4275-B53C-61E31CBD659A}.Release|Any CPU.ActiveCfg = Release|Any CPU
		{01DAAA7D-058E-4275-B53C-61E31CBD659A}.Release|Any CPU.Build.0 = Release|Any CPU
		{E10F1B30-9A25-4C3C-8E27-52D3D62702BA}.Debug|Any CPU.ActiveCfg = Debug|Any CPU
		{E10F1B30-9A25-4C3C-8E27-52D3D62702BA}.Debug|Any CPU.Build.0 = Debug|Any CPU
		{E10F1B30-9A25-4C3C-8E27-52D3D62702BA}.Release|Any CPU.ActiveCfg = Release|Any CPU
		{E10F1B30-9A25-4C3C-8E27-52D3D62702BA}.Release|Any CPU.Build.0 = Release|Any CPU
		{8AA48446-1727-4E77-AB08-892DE4682A78}.Debug|Any CPU.ActiveCfg = Debug|Any CPU
		{8AA48446-1727-4E77-AB08-892DE4682A78}.Debug|Any CPU.Build.0 = Debug|Any CPU
		{8AA48446-1727-4E77-AB08-892DE4682A78}.Release|Any CPU.ActiveCfg = Release|Any CPU
		{8AA48446-1727-4E77-AB08-892DE4682A78}.Release|Any CPU.Build.0 = Release|Any CPU
		{FE632B21-DE2A-4D6F-9FC2-C1FCD9A9B7FA}.Debug|Any CPU.ActiveCfg = Debug|Any CPU
		{FE632B21-DE2A-4D6F-9FC2-C1FCD9A9B7FA}.Debug|Any CPU.Build.0 = Debug|Any CPU
		{FE632B21-DE2A-4D6F-9FC2-C1FCD9A9B7FA}.Release|Any CPU.ActiveCfg = Release|Any CPU
		{FE632B21-DE2A-4D6F-9FC2-C1FCD9A9B7FA}.Release|Any CPU.Build.0 = Release|Any CPU
		{97156863-1A7A-4529-9A26-EB9C0EC62C1C}.Debug|Any CPU.ActiveCfg = Debug|Any CPU
		{97156863-1A7A-4529-9A26-EB9C0EC62C1C}.Debug|Any CPU.Build.0 = Debug|Any CPU
		{97156863-1A7A-4529-9A26-EB9C0EC62C1C}.Release|Any CPU.ActiveCfg = Release|Any CPU
		{97156863-1A7A-4529-9A26-EB9C0EC62C1C}.Release|Any CPU.Build.0 = Release|Any CPU
		{993E78F3-E4D3-454E-86AF-3F7681779357}.Debug|Any CPU.ActiveCfg = Debug|Any CPU
		{993E78F3-E4D3-454E-86AF-3F7681779357}.Debug|Any CPU.Build.0 = Debug|Any CPU
		{993E78F3-E4D3-454E-86AF-3F7681779357}.Release|Any CPU.ActiveCfg = Release|Any CPU
		{993E78F3-E4D3-454E-86AF-3F7681779357}.Release|Any CPU.Build.0 = Release|Any CPU
		{A8E1B772-A254-4B65-A5BE-4006C467486F}.Debug|Any CPU.ActiveCfg = Debug|Any CPU
		{A8E1B772-A254-4B65-A5BE-4006C467486F}.Debug|Any CPU.Build.0 = Debug|Any CPU
		{A8E1B772-A254-4B65-A5BE-4006C467486F}.Release|Any CPU.ActiveCfg = Release|Any CPU
		{A8E1B772-A254-4B65-A5BE-4006C467486F}.Release|Any CPU.Build.0 = Release|Any CPU
		{DDD69454-9587-4F10-9CDB-CAD6A03D07DF}.Debug|Any CPU.ActiveCfg = Debug|Any CPU
		{DDD69454-9587-4F10-9CDB-CAD6A03D07DF}.Debug|Any CPU.Build.0 = Debug|Any CPU
		{DDD69454-9587-4F10-9CDB-CAD6A03D07DF}.Release|Any CPU.ActiveCfg = Release|Any CPU
		{DDD69454-9587-4F10-9CDB-CAD6A03D07DF}.Release|Any CPU.Build.0 = Release|Any CPU
		{C2FE5000-4A87-4FBB-8DBC-78F46A99D6FB}.Debug|Any CPU.ActiveCfg = Debug|Any CPU
		{C2FE5000-4A87-4FBB-8DBC-78F46A99D6FB}.Debug|Any CPU.Build.0 = Debug|Any CPU
		{C2FE5000-4A87-4FBB-8DBC-78F46A99D6FB}.Release|Any CPU.ActiveCfg = Release|Any CPU
		{C2FE5000-4A87-4FBB-8DBC-78F46A99D6FB}.Release|Any CPU.Build.0 = Release|Any CPU
		{435F4376-7E2B-4C85-A90F-49CDB7DDE9FF}.Debug|Any CPU.ActiveCfg = Debug|Any CPU
		{435F4376-7E2B-4C85-A90F-49CDB7DDE9FF}.Debug|Any CPU.Build.0 = Debug|Any CPU
		{435F4376-7E2B-4C85-A90F-49CDB7DDE9FF}.Release|Any CPU.ActiveCfg = Release|Any CPU
		{435F4376-7E2B-4C85-A90F-49CDB7DDE9FF}.Release|Any CPU.Build.0 = Release|Any CPU
		{E4CB39C8-B5C1-4EDE-B519-7DCE718987A5}.Debug|Any CPU.ActiveCfg = Debug|Any CPU
		{E4CB39C8-B5C1-4EDE-B519-7DCE718987A5}.Debug|Any CPU.Build.0 = Debug|Any CPU
		{E4CB39C8-B5C1-4EDE-B519-7DCE718987A5}.Release|Any CPU.ActiveCfg = Release|Any CPU
		{E4CB39C8-B5C1-4EDE-B519-7DCE718987A5}.Release|Any CPU.Build.0 = Release|Any CPU
		{BB182113-C5B3-4EE5-8C7A-A5682BF341CE}.Debug|Any CPU.ActiveCfg = Debug|Any CPU
		{BB182113-C5B3-4EE5-8C7A-A5682BF341CE}.Debug|Any CPU.Build.0 = Debug|Any CPU
		{BB182113-C5B3-4EE5-8C7A-A5682BF341CE}.Release|Any CPU.ActiveCfg = Release|Any CPU
		{BB182113-C5B3-4EE5-8C7A-A5682BF341CE}.Release|Any CPU.Build.0 = Release|Any CPU
		{2E3A2098-98D7-48FD-B6DE-C8E35649B62F}.Debug|Any CPU.ActiveCfg = Debug|Any CPU
		{2E3A2098-98D7-48FD-B6DE-C8E35649B62F}.Debug|Any CPU.Build.0 = Debug|Any CPU
		{2E3A2098-98D7-48FD-B6DE-C8E35649B62F}.Release|Any CPU.ActiveCfg = Release|Any CPU
		{2E3A2098-98D7-48FD-B6DE-C8E35649B62F}.Release|Any CPU.Build.0 = Release|Any CPU
		{C6A4A857-244A-4262-AF76-AA36C66CB542}.Debug|Any CPU.ActiveCfg = Debug|Any CPU
		{C6A4A857-244A-4262-AF76-AA36C66CB542}.Debug|Any CPU.Build.0 = Debug|Any CPU
		{C6A4A857-244A-4262-AF76-AA36C66CB542}.Release|Any CPU.ActiveCfg = Release|Any CPU
		{C6A4A857-244A-4262-AF76-AA36C66CB542}.Release|Any CPU.Build.0 = Release|Any CPU
		{A936FD8E-0706-4DA1-A550-FB486C02FDF7}.Debug|Any CPU.ActiveCfg = Debug|Any CPU
		{A936FD8E-0706-4DA1-A550-FB486C02FDF7}.Debug|Any CPU.Build.0 = Debug|Any CPU
		{A936FD8E-0706-4DA1-A550-FB486C02FDF7}.Release|Any CPU.ActiveCfg = Release|Any CPU
		{A936FD8E-0706-4DA1-A550-FB486C02FDF7}.Release|Any CPU.Build.0 = Release|Any CPU
		{8F98B847-A6A6-4E91-9831-7BCC8388DB63}.Debug|Any CPU.ActiveCfg = Debug|Any CPU
		{8F98B847-A6A6-4E91-9831-7BCC8388DB63}.Debug|Any CPU.Build.0 = Debug|Any CPU
		{8F98B847-A6A6-4E91-9831-7BCC8388DB63}.Release|Any CPU.ActiveCfg = Release|Any CPU
		{8F98B847-A6A6-4E91-9831-7BCC8388DB63}.Release|Any CPU.Build.0 = Release|Any CPU
		{6086C1B1-6EB4-482B-ADC4-56BE4EEB999A}.Debug|Any CPU.ActiveCfg = Debug|Any CPU
		{6086C1B1-6EB4-482B-ADC4-56BE4EEB999A}.Debug|Any CPU.Build.0 = Debug|Any CPU
		{6086C1B1-6EB4-482B-ADC4-56BE4EEB999A}.Release|Any CPU.ActiveCfg = Release|Any CPU
		{6086C1B1-6EB4-482B-ADC4-56BE4EEB999A}.Release|Any CPU.Build.0 = Release|Any CPU
		{C31E40A7-4972-4D77-83EF-D450B96EDBFE}.Debug|Any CPU.ActiveCfg = Debug|Any CPU
		{C31E40A7-4972-4D77-83EF-D450B96EDBFE}.Debug|Any CPU.Build.0 = Debug|Any CPU
		{C31E40A7-4972-4D77-83EF-D450B96EDBFE}.Release|Any CPU.ActiveCfg = Release|Any CPU
		{C31E40A7-4972-4D77-83EF-D450B96EDBFE}.Release|Any CPU.Build.0 = Release|Any CPU
		{5944C4F5-FFAF-4E69-8474-D6E868BBD4FA}.Debug|Any CPU.ActiveCfg = Debug|Any CPU
		{5944C4F5-FFAF-4E69-8474-D6E868BBD4FA}.Debug|Any CPU.Build.0 = Debug|Any CPU
		{5944C4F5-FFAF-4E69-8474-D6E868BBD4FA}.Release|Any CPU.ActiveCfg = Release|Any CPU
		{5944C4F5-FFAF-4E69-8474-D6E868BBD4FA}.Release|Any CPU.Build.0 = Release|Any CPU
		{138B248A-0388-4DC6-9D77-EFA476D2CD99}.Debug|Any CPU.ActiveCfg = Debug|Any CPU
		{138B248A-0388-4DC6-9D77-EFA476D2CD99}.Debug|Any CPU.Build.0 = Debug|Any CPU
		{138B248A-0388-4DC6-9D77-EFA476D2CD99}.Release|Any CPU.ActiveCfg = Release|Any CPU
		{138B248A-0388-4DC6-9D77-EFA476D2CD99}.Release|Any CPU.Build.0 = Release|Any CPU
	EndGlobalSection
	GlobalSection(SolutionProperties) = preSolution
		HideSolutionNode = FALSE
	EndGlobalSection
	GlobalSection(NestedProjects) = preSolution
		{69A61882-0E38-4860-9838-E257A5AC1BF8} = {02EA681E-C7D8-13C7-8484-4AC65E1B71E8}
		{8F39B43F-A55A-4D4E-B701-0534C45B11CA} = {02EA681E-C7D8-13C7-8484-4AC65E1B71E8}
		{AAF4D8EC-C960-4A6C-86F6-252DB5391AAB} = {02EA681E-C7D8-13C7-8484-4AC65E1B71E8}
		{7CD7AC61-A4C2-487B-80B2-B6A03FBDB38D} = {02EA681E-C7D8-13C7-8484-4AC65E1B71E8}
		{C5580FB4-EE84-42E6-94B0-7ECBE95EFB57} = {02EA681E-C7D8-13C7-8484-4AC65E1B71E8}
		{E0073871-0B8F-4E05-ACC2-B827D00241CA} = {02EA681E-C7D8-13C7-8484-4AC65E1B71E8}
		{01DAAA7D-058E-4275-B53C-61E31CBD659A} = {02EA681E-C7D8-13C7-8484-4AC65E1B71E8}
		{E10F1B30-9A25-4C3C-8E27-52D3D62702BA} = {02EA681E-C7D8-13C7-8484-4AC65E1B71E8}
		{8AA48446-1727-4E77-AB08-892DE4682A78} = {02EA681E-C7D8-13C7-8484-4AC65E1B71E8}
		{FE632B21-DE2A-4D6F-9FC2-C1FCD9A9B7FA} = {02EA681E-C7D8-13C7-8484-4AC65E1B71E8}
		{97156863-1A7A-4529-9A26-EB9C0EC62C1C} = {02EA681E-C7D8-13C7-8484-4AC65E1B71E8}
		{993E78F3-E4D3-454E-86AF-3F7681779357} = {9E3B75B4-23B4-4BF3-938F-9189E1A90A1A}
		{A8E1B772-A254-4B65-A5BE-4006C467486F} = {02EA681E-C7D8-13C7-8484-4AC65E1B71E8}
		{DDD69454-9587-4F10-9CDB-CAD6A03D07DF} = {02EA681E-C7D8-13C7-8484-4AC65E1B71E8}
		{C2FE5000-4A87-4FBB-8DBC-78F46A99D6FB} = {9E3B75B4-23B4-4BF3-938F-9189E1A90A1A}
		{435F4376-7E2B-4C85-A90F-49CDB7DDE9FF} = {7BBAFB2A-3DC5-41BF-9CBC-36F57B3B8E93}
		{E4CB39C8-B5C1-4EDE-B519-7DCE718987A5} = {7BBAFB2A-3DC5-41BF-9CBC-36F57B3B8E93}
		{BB182113-C5B3-4EE5-8C7A-A5682BF341CE} = {9E3B75B4-23B4-4BF3-938F-9189E1A90A1A}
		{2E3A2098-98D7-48FD-B6DE-C8E35649B62F} = {7BBAFB2A-3DC5-41BF-9CBC-36F57B3B8E93}
		{C6A4A857-244A-4262-AF76-AA36C66CB542} = {9E3B75B4-23B4-4BF3-938F-9189E1A90A1A}
		{A936FD8E-0706-4DA1-A550-FB486C02FDF7} = {7BBAFB2A-3DC5-41BF-9CBC-36F57B3B8E93}
		{8F98B847-A6A6-4E91-9831-7BCC8388DB63} = {7BBAFB2A-3DC5-41BF-9CBC-36F57B3B8E93}
		{6086C1B1-6EB4-482B-ADC4-56BE4EEB999A} = {551BC1DD-603C-4F03-B1CD-EB8ADA15B66D}
		{C31E40A7-4972-4D77-83EF-D450B96EDBFE} = {9E3B75B4-23B4-4BF3-938F-9189E1A90A1A}
		{5944C4F5-FFAF-4E69-8474-D6E868BBD4FA} = {7BBAFB2A-3DC5-41BF-9CBC-36F57B3B8E93}
		{138B248A-0388-4DC6-9D77-EFA476D2CD99} = {DABAB037-599E-4008-842B-7930568752B5}
	EndGlobalSection
	GlobalSection(ExtensibilityGlobals) = postSolution
		SolutionGuid = {CC9E1BB0-F338-4DAE-856C-4CDF1F6EDB48}
	EndGlobalSection
EndGlobal
